
Microsoft Visual Studio Solution File, Format Version 12.00
# Visual Studio Version 17
VisualStudioVersion = 17.4.33205.214
MinimumVisualStudioVersion = 10.0.40219.1
Project("{FAE04EC0-301F-11D3-BF4B-00C04F79EFBC}") = "SPTMiniLauncher", "SPTMiniLauncher.csproj", "{71AB1989-D0C9-4023-9727-AC6F6E447077}"
EndProject
Global
	GlobalSection(SolutionConfigurationPlatforms) = preSolution
		Debug|Any CPU = Debug|Any CPU
		Release|Any CPU = Release|Any CPU
	EndGlobalSection
	GlobalSection(ProjectConfigurationPlatforms) = postSolution
		{71AB1989-D0C9-4023-9727-AC6F6E447077}.Debug|Any CPU.ActiveCfg = Debug|Any CPU
		{71AB1989-D0C9-4023-9727-AC6F6E447077}.Debug|Any CPU.Build.0 = Debug|Any CPU
		{71AB1989-D0C9-4023-9727-AC6F6E447077}.Release|Any CPU.ActiveCfg = Release|Any CPU
		{71AB1989-D0C9-4023-9727-AC6F6E447077}.Release|Any CPU.Build.0 = Release|Any CPU
	EndGlobalSection
	GlobalSection(SolutionProperties) = preSolution
		HideSolutionNode = FALSE
	EndGlobalSection
	GlobalSection(ExtensibilityGlobals) = postSolution
		SolutionGuid = {41922A51-3040-4C07-8F15-5C08E859B9BE}
	EndGlobalSection
EndGlobal
